
Microsoft Visual Studio Solution File, Format Version 12.00
# Visual Studio 2013
VisualStudioVersion = 12.0.30501.0
MinimumVisualStudioVersion = 10.0.40219.1
Project("{FAE04EC0-301F-11D3-BF4B-00C04F79EFBC}") = "TestStack.FluentMVCTesting", "TestStack.FluentMVCTesting\TestStack.FluentMVCTesting.csproj", "{152CA00F-18D3-4CF5-8CA0-2C5B70CBEA19}"
EndProject
Project("{FAE04EC0-301F-11D3-BF4B-00C04F79EFBC}") = "TestStack.FluentMVCTesting.Tests", "TestStack.FluentMVCTesting.Tests\TestStack.FluentMVCTesting.Tests.csproj", "{4DCC907C-A08A-4139-BB6B-2D34B21F318B}"
EndProject
Project("{FAE04EC0-301F-11D3-BF4B-00C04F79EFBC}") = "TestStack.FluentMVCTesting.Mvc3", "TestStack.FluentMVCTesting.Mvc3\TestStack.FluentMVCTesting.Mvc3.csproj", "{17E643B6-0448-4E6F-A8D8-D726154D73E1}"
EndProject
Project("{2150E333-8FDC-42A3-9474-1A3956D46DE8}") = "Solution Files", "Solution Files", "{21EA5DD6-9360-4966-AE7C-FC2329AAE01F}"
	ProjectSection(SolutionItems) = preProject
		LICENSE = LICENSE
		logo.png = logo.png
		README.md = README.md
	EndProjectSection
EndProject
Project("{2150E333-8FDC-42A3-9474-1A3956D46DE8}") = "Samples", "Samples", "{46E90596-A670-4D0B-B036-C7859573C89E}"
EndProject
Project("{FAE04EC0-301F-11D3-BF4B-00C04F79EFBC}") = "TestStack.FluentMVCTesting.Sample.Tests", "Samples\TestStack.FluentMVCTesting.Sample.Tests\TestStack.FluentMVCTesting.Sample.Tests.csproj", "{F36BC506-1076-49BF-A1A4-A76D6560AA64}"
EndProject
Project("{2150E333-8FDC-42A3-9474-1A3956D46DE8}") = "OldMvc", "OldMvc", "{9E15A69C-A0BA-43DF-94EB-9465C5D1BD61}"
EndProject
Project("{FAE04EC0-301F-11D3-BF4B-00C04F79EFBC}") = "TestStack.FluentMVCTesting.Mvc3.Tests", "TestStack.FluentMVCTesting.Mvc3.Tests\TestStack.FluentMVCTesting.Mvc3.Tests.csproj", "{F6A48378-7254-4B72-A02B-5E1023533A1B}"
EndProject
Project("{FAE04EC0-301F-11D3-BF4B-00C04F79EFBC}") = "TestStack.FluentMVCTesting.Mvc4", "TestStack.FluentMVCTesting.Mvc4\TestStack.FluentMVCTesting.Mvc4.csproj", "{BF71218D-3E60-4146-BDF5-DA15EF29F0AA}"
EndProject
Project("{FAE04EC0-301F-11D3-BF4B-00C04F79EFBC}") = "TestStack.FluentMVCTesting.Mvc4.Tests", "TestStack.FluentMVCTesting.Mvc4.Tests\TestStack.FluentMVCTesting.Mvc4.Tests.csproj", "{5264EC40-E039-4634-B92D-79AD3656A23E}"
EndProject
Project("{FAE04EC0-301F-11D3-BF4B-00C04F79EFBC}") = "TestStack.FluentMVCTesting.Sample", "Samples\TestStack.FluentMVCTesting.Sample\TestStack.FluentMVCTesting.Sample.csproj", "{FD292B9E-1493-428F-8AF6-F7CF9CF463C5}"
EndProject
Global
	GlobalSection(SolutionConfigurationPlatforms) = preSolution
		Debug|Any CPU = Debug|Any CPU
		Release|Any CPU = Release|Any CPU
	EndGlobalSection
	GlobalSection(ProjectConfigurationPlatforms) = postSolution
		{152CA00F-18D3-4CF5-8CA0-2C5B70CBEA19}.Debug|Any CPU.ActiveCfg = Debug|Any CPU
		{152CA00F-18D3-4CF5-8CA0-2C5B70CBEA19}.Debug|Any CPU.Build.0 = Debug|Any CPU
		{152CA00F-18D3-4CF5-8CA0-2C5B70CBEA19}.Release|Any CPU.ActiveCfg = Release|Any CPU
		{152CA00F-18D3-4CF5-8CA0-2C5B70CBEA19}.Release|Any CPU.Build.0 = Release|Any CPU
		{4DCC907C-A08A-4139-BB6B-2D34B21F318B}.Debug|Any CPU.ActiveCfg = Debug|Any CPU
		{4DCC907C-A08A-4139-BB6B-2D34B21F318B}.Debug|Any CPU.Build.0 = Debug|Any CPU
		{4DCC907C-A08A-4139-BB6B-2D34B21F318B}.Release|Any CPU.ActiveCfg = Release|Any CPU
		{4DCC907C-A08A-4139-BB6B-2D34B21F318B}.Release|Any CPU.Build.0 = Release|Any CPU
		{17E643B6-0448-4E6F-A8D8-D726154D73E1}.Debug|Any CPU.ActiveCfg = Debug|Any CPU
		{17E643B6-0448-4E6F-A8D8-D726154D73E1}.Debug|Any CPU.Build.0 = Debug|Any CPU
		{17E643B6-0448-4E6F-A8D8-D726154D73E1}.Release|Any CPU.ActiveCfg = Release|Any CPU
		{17E643B6-0448-4E6F-A8D8-D726154D73E1}.Release|Any CPU.Build.0 = Release|Any CPU
		{F36BC506-1076-49BF-A1A4-A76D6560AA64}.Debug|Any CPU.ActiveCfg = Debug|Any CPU
		{F36BC506-1076-49BF-A1A4-A76D6560AA64}.Debug|Any CPU.Build.0 = Debug|Any CPU
		{F36BC506-1076-49BF-A1A4-A76D6560AA64}.Release|Any CPU.ActiveCfg = Release|Any CPU
		{F36BC506-1076-49BF-A1A4-A76D6560AA64}.Release|Any CPU.Build.0 = Release|Any CPU
		{F6A48378-7254-4B72-A02B-5E1023533A1B}.Debug|Any CPU.ActiveCfg = Debug|Any CPU
		{F6A48378-7254-4B72-A02B-5E1023533A1B}.Debug|Any CPU.Build.0 = Debug|Any CPU
		{F6A48378-7254-4B72-A02B-5E1023533A1B}.Release|Any CPU.ActiveCfg = Release|Any CPU
		{F6A48378-7254-4B72-A02B-5E1023533A1B}.Release|Any CPU.Build.0 = Release|Any CPU
		{BF71218D-3E60-4146-BDF5-DA15EF29F0AA}.Debug|Any CPU.ActiveCfg = Debug|Any CPU
		{BF71218D-3E60-4146-BDF5-DA15EF29F0AA}.Debug|Any CPU.Build.0 = Debug|Any CPU
		{BF71218D-3E60-4146-BDF5-DA15EF29F0AA}.Release|Any CPU.ActiveCfg = Release|Any CPU
		{BF71218D-3E60-4146-BDF5-DA15EF29F0AA}.Release|Any CPU.Build.0 = Release|Any CPU
		{5264EC40-E039-4634-B92D-79AD3656A23E}.Debug|Any CPU.ActiveCfg = Debug|Any CPU
		{5264EC40-E039-4634-B92D-79AD3656A23E}.Debug|Any CPU.Build.0 = Debug|Any CPU
		{5264EC40-E039-4634-B92D-79AD3656A23E}.Release|Any CPU.ActiveCfg = Release|Any CPU
		{5264EC40-E039-4634-B92D-79AD3656A23E}.Release|Any CPU.Build.0 = Release|Any CPU
		{FD292B9E-1493-428F-8AF6-F7CF9CF463C5}.Debug|Any CPU.ActiveCfg = Debug|Any CPU
		{FD292B9E-1493-428F-8AF6-F7CF9CF463C5}.Debug|Any CPU.Build.0 = Debug|Any CPU
		{FD292B9E-1493-428F-8AF6-F7CF9CF463C5}.Release|Any CPU.ActiveCfg = Release|Any CPU
		{FD292B9E-1493-428F-8AF6-F7CF9CF463C5}.Release|Any CPU.Build.0 = Release|Any CPU
	EndGlobalSection
	GlobalSection(SolutionProperties) = preSolution
		HideSolutionNode = FALSE
	EndGlobalSection
	GlobalSection(NestedProjects) = preSolution
		{17E643B6-0448-4E6F-A8D8-D726154D73E1} = {9E15A69C-A0BA-43DF-94EB-9465C5D1BD61}
		{F36BC506-1076-49BF-A1A4-A76D6560AA64} = {46E90596-A670-4D0B-B036-C7859573C89E}
		{F6A48378-7254-4B72-A02B-5E1023533A1B} = {9E15A69C-A0BA-43DF-94EB-9465C5D1BD61}
		{BF71218D-3E60-4146-BDF5-DA15EF29F0AA} = {9E15A69C-A0BA-43DF-94EB-9465C5D1BD61}
		{5264EC40-E039-4634-B92D-79AD3656A23E} = {9E15A69C-A0BA-43DF-94EB-9465C5D1BD61}
		{FD292B9E-1493-428F-8AF6-F7CF9CF463C5} = {46E90596-A670-4D0B-B036-C7859573C89E}
	EndGlobalSection
EndGlobal
